// !$*UTF8*$!
{
	archiveVersion = 1;
	classes = {
	};
	objectVersion = 55;
	objects = {

/* Begin PBXBuildFile section */
		F13BFBB62784429E004D6C72 /* Snow.swift in Sources */ = {isa = PBXBuildFile; fileRef = F13BFBB52784429E004D6C72 /* Snow.swift */; };
		F13BFBB8278442C6004D6C72 /* Snow.sks in Resources */ = {isa = PBXBuildFile; fileRef = F13BFBB7278442C6004D6C72 /* Snow.sks */; };
		F13BFBBB2784CC94004D6C72 /* Thunderstorm.swift in Sources */ = {isa = PBXBuildFile; fileRef = F13BFBBA2784CC94004D6C72 /* Thunderstorm.swift */; };
		F13BFBBD2784CCA2004D6C72 /* Mist.swift in Sources */ = {isa = PBXBuildFile; fileRef = F13BFBBC2784CCA2004D6C72 /* Mist.swift */; };
		F13BFBBF2784CCAF004D6C72 /* Thunderstorm.sks in Resources */ = {isa = PBXBuildFile; fileRef = F13BFBBE2784CCAF004D6C72 /* Thunderstorm.sks */; };
		F13BFBC12784CCBE004D6C72 /* Mist.sks in Resources */ = {isa = PBXBuildFile; fileRef = F13BFBC02784CCBE004D6C72 /* Mist.sks */; };
		F13BFBC32784CDBE004D6C72 /* ShowerRain.swift in Sources */ = {isa = PBXBuildFile; fileRef = F13BFBC22784CDBE004D6C72 /* ShowerRain.swift */; };
		F13BFBC52784CDC5004D6C72 /* ShowerRain.sks in Resources */ = {isa = PBXBuildFile; fileRef = F13BFBC42784CDC5004D6C72 /* ShowerRain.sks */; };
		F167A51627810B33000DC845 /* AppDelegate.swift in Sources */ = {isa = PBXBuildFile; fileRef = F167A51527810B33000DC845 /* AppDelegate.swift */; };
		F167A51827810B33000DC845 /* Rain.sks in Resources */ = {isa = PBXBuildFile; fileRef = F167A51727810B33000DC845 /* Rain.sks */; };
		F167A51A27810B33000DC845 /* Actions.sks in Resources */ = {isa = PBXBuildFile; fileRef = F167A51927810B33000DC845 /* Actions.sks */; };
		F167A51C27810B33000DC845 /* Rain.swift in Sources */ = {isa = PBXBuildFile; fileRef = F167A51B27810B33000DC845 /* Rain.swift */; };
		F167A51E27810B33000DC845 /* ViewController.swift in Sources */ = {isa = PBXBuildFile; fileRef = F167A51D27810B33000DC845 /* ViewController.swift */; };
		F167A52127810B33000DC845 /* Main.storyboard in Resources */ = {isa = PBXBuildFile; fileRef = F167A51F27810B33000DC845 /* Main.storyboard */; };
		F167A52327810B34000DC845 /* Assets.xcassets in Resources */ = {isa = PBXBuildFile; fileRef = F167A52227810B34000DC845 /* Assets.xcassets */; };
		F167A52627810B34000DC845 /* LaunchScreen.storyboard in Resources */ = {isa = PBXBuildFile; fileRef = F167A52427810B34000DC845 /* LaunchScreen.storyboard */; };
		F167A52D27810EDC000DC845 /* Networking.swift in Sources */ = {isa = PBXBuildFile; fileRef = F167A52C27810EDC000DC845 /* Networking.swift */; };
		F167A52F27810EEA000DC845 /* URL and Key.swift in Sources */ = {isa = PBXBuildFile; fileRef = F167A52E27810EEA000DC845 /* URL and Key.swift */; };
		F167A53127810EED000DC845 /* Models.swift in Sources */ = {isa = PBXBuildFile; fileRef = F167A53027810EED000DC845 /* Models.swift */; };
		F167A53327810EF3000DC845 /* Units.swift in Sources */ = {isa = PBXBuildFile; fileRef = F167A53227810EF3000DC845 /* Units.swift */; };
		F167A53527810F6B000DC845 /* UIKitAnimations.swift in Sources */ = {isa = PBXBuildFile; fileRef = F167A53427810F6B000DC845 /* UIKitAnimations.swift */; };
		F180EC9327976EAB00D9FDBA /* Fonts.swift in Sources */ = {isa = PBXBuildFile; fileRef = F180EC9227976EAB00D9FDBA /* Fonts.swift */; };
		F180EC972797DB2200D9FDBA /* Colors.swift in Sources */ = {isa = PBXBuildFile; fileRef = F180EC962797DB2200D9FDBA /* Colors.swift */; };
		F180EC9B2797DED400D9FDBA /* Time.swift in Sources */ = {isa = PBXBuildFile; fileRef = F180EC9A2797DED400D9FDBA /* Time.swift */; };
		F19FE2DA27FFB670003DF3FF /* AppErrors.swift in Sources */ = {isa = PBXBuildFile; fileRef = F19FE2D927FFB670003DF3FF /* AppErrors.swift */; };
		F19FE2E127FFD8EF003DF3FF /* Container.swift in Sources */ = {isa = PBXBuildFile; fileRef = F19FE2E027FFD8EF003DF3FF /* Container.swift */; };
/* End PBXBuildFile section */

/* Begin PBXFileReference section */
		F13BFBB52784429E004D6C72 /* Snow.swift */ = {isa = PBXFileReference; lastKnownFileType = sourcecode.swift; path = Snow.swift; sourceTree = "<group>"; };
		F13BFBB7278442C6004D6C72 /* Snow.sks */ = {isa = PBXFileReference; lastKnownFileType = file.sks; path = Snow.sks; sourceTree = "<group>"; };
		F13BFBBA2784CC94004D6C72 /* Thunderstorm.swift */ = {isa = PBXFileReference; lastKnownFileType = sourcecode.swift; path = Thunderstorm.swift; sourceTree = "<group>"; };
		F13BFBBC2784CCA2004D6C72 /* Mist.swift */ = {isa = PBXFileReference; lastKnownFileType = sourcecode.swift; path = Mist.swift; sourceTree = "<group>"; };
		F13BFBBE2784CCAF004D6C72 /* Thunderstorm.sks */ = {isa = PBXFileReference; lastKnownFileType = file.sks; path = Thunderstorm.sks; sourceTree = "<group>"; };
		F13BFBC02784CCBE004D6C72 /* Mist.sks */ = {isa = PBXFileReference; lastKnownFileType = file.sks; path = Mist.sks; sourceTree = "<group>"; };
		F13BFBC22784CDBE004D6C72 /* ShowerRain.swift */ = {isa = PBXFileReference; lastKnownFileType = sourcecode.swift; path = ShowerRain.swift; sourceTree = "<group>"; };
		F13BFBC42784CDC5004D6C72 /* ShowerRain.sks */ = {isa = PBXFileReference; lastKnownFileType = file.sks; path = ShowerRain.sks; sourceTree = "<group>"; };
		F167A51227810B33000DC845 /* is it cold.app */ = {isa = PBXFileReference; explicitFileType = wrapper.application; includeInIndex = 0; path = "is it cold.app"; sourceTree = BUILT_PRODUCTS_DIR; };
		F167A51527810B33000DC845 /* AppDelegate.swift */ = {isa = PBXFileReference; lastKnownFileType = sourcecode.swift; path = AppDelegate.swift; sourceTree = "<group>"; };
		F167A51727810B33000DC845 /* Rain.sks */ = {isa = PBXFileReference; lastKnownFileType = file.sks; path = Rain.sks; sourceTree = "<group>"; };
		F167A51927810B33000DC845 /* Actions.sks */ = {isa = PBXFileReference; lastKnownFileType = file.sks; path = Actions.sks; sourceTree = "<group>"; };
		F167A51B27810B33000DC845 /* Rain.swift */ = {isa = PBXFileReference; lastKnownFileType = sourcecode.swift; path = Rain.swift; sourceTree = "<group>"; };
		F167A51D27810B33000DC845 /* ViewController.swift */ = {isa = PBXFileReference; lastKnownFileType = sourcecode.swift; path = ViewController.swift; sourceTree = "<group>"; };
		F167A52027810B33000DC845 /* Base */ = {isa = PBXFileReference; lastKnownFileType = file.storyboard; name = Base; path = Base.lproj/Main.storyboard; sourceTree = "<group>"; };
		F167A52227810B34000DC845 /* Assets.xcassets */ = {isa = PBXFileReference; lastKnownFileType = folder.assetcatalog; path = Assets.xcassets; sourceTree = "<group>"; };
		F167A52527810B34000DC845 /* Base */ = {isa = PBXFileReference; lastKnownFileType = file.storyboard; name = Base; path = Base.lproj/LaunchScreen.storyboard; sourceTree = "<group>"; };
		F167A52C27810EDC000DC845 /* Networking.swift */ = {isa = PBXFileReference; lastKnownFileType = sourcecode.swift; path = Networking.swift; sourceTree = "<group>"; };
		F167A52E27810EEA000DC845 /* URL and Key.swift */ = {isa = PBXFileReference; lastKnownFileType = sourcecode.swift; path = "URL and Key.swift"; sourceTree = "<group>"; };
		F167A53027810EED000DC845 /* Models.swift */ = {isa = PBXFileReference; lastKnownFileType = sourcecode.swift; path = Models.swift; sourceTree = "<group>"; };
		F167A53227810EF3000DC845 /* Units.swift */ = {isa = PBXFileReference; lastKnownFileType = sourcecode.swift; path = Units.swift; sourceTree = "<group>"; };
		F167A53427810F6B000DC845 /* UIKitAnimations.swift */ = {isa = PBXFileReference; lastKnownFileType = sourcecode.swift; path = UIKitAnimations.swift; sourceTree = "<group>"; };
		F167A5362781118E000DC845 /* is-it-cold-Info.plist */ = {isa = PBXFileReference; lastKnownFileType = text.plist; path = "is-it-cold-Info.plist"; sourceTree = SOURCE_ROOT; };
		F180EC9227976EAB00D9FDBA /* Fonts.swift */ = {isa = PBXFileReference; lastKnownFileType = sourcecode.swift; path = Fonts.swift; sourceTree = "<group>"; };
		F180EC962797DB2200D9FDBA /* Colors.swift */ = {isa = PBXFileReference; lastKnownFileType = sourcecode.swift; path = Colors.swift; sourceTree = "<group>"; };
		F180EC9A2797DED400D9FDBA /* Time.swift */ = {isa = PBXFileReference; lastKnownFileType = sourcecode.swift; path = Time.swift; sourceTree = "<group>"; };
		F19FE2D927FFB670003DF3FF /* AppErrors.swift */ = {isa = PBXFileReference; lastKnownFileType = sourcecode.swift; path = AppErrors.swift; sourceTree = "<group>"; };
		F19FE2E027FFD8EF003DF3FF /* Container.swift */ = {isa = PBXFileReference; lastKnownFileType = sourcecode.swift; path = Container.swift; sourceTree = "<group>"; };
/* End PBXFileReference section */

/* Begin PBXFrameworksBuildPhase section */
		F167A50F27810B33000DC845 /* Frameworks */ = {
			isa = PBXFrameworksBuildPhase;
			buildActionMask = 2147483647;
			files = (
			);
			runOnlyForDeploymentPostprocessing = 0;
		};
/* End PBXFrameworksBuildPhase section */

/* Begin PBXGroup section */
		F13BFBB927844A26004D6C72 /* Networking */ = {
			isa = PBXGroup;
			children = (
				F167A53027810EED000DC845 /* Models.swift */,
				F167A52C27810EDC000DC845 /* Networking.swift */,
				F167A52E27810EEA000DC845 /* URL and Key.swift */,
			);
			path = Networking;
			sourceTree = "<group>";
		};
		F167A50927810B33000DC845 = {
			isa = PBXGroup;
			children = (
				F167A51427810B33000DC845 /* is it cold */,
				F167A51327810B33000DC845 /* Products */,
			);
			sourceTree = "<group>";
		};
		F167A51327810B33000DC845 /* Products */ = {
			isa = PBXGroup;
			children = (
				F167A51227810B33000DC845 /* is it cold.app */,
			);
			name = Products;
			sourceTree = "<group>";
		};
		F167A51427810B33000DC845 /* is it cold */ = {
			isa = PBXGroup;
			children = (
				F19FE2D827FFB63C003DF3FF /* Scenes */,
				F167A51527810B33000DC845 /* AppDelegate.swift */,
				F167A52227810B34000DC845 /* Assets.xcassets */,
				F167A5362781118E000DC845 /* is-it-cold-Info.plist */,
				F167A52427810B34000DC845 /* LaunchScreen.storyboard */,
				F167A51F27810B33000DC845 /* Main.storyboard */,
				F13BFBB927844A26004D6C72 /* Networking */,
				F19FE2DD27FFC45B003DF3FF /* Animations */,
				F167A51D27810B33000DC845 /* ViewController.swift */,
				F19FE2E027FFD8EF003DF3FF /* Container.swift */,
				F19FE2DC27FFC42F003DF3FF /* Miscellaneous */,
			);
			path = "is it cold";
			sourceTree = "<group>";
		};
		F19FE2D827FFB63C003DF3FF /* Scenes */ = {
			isa = PBXGroup;
			children = (
				F167A51927810B33000DC845 /* Actions.sks */,
				F167A51727810B33000DC845 /* Rain.sks */,
				F13BFBC42784CDC5004D6C72 /* ShowerRain.sks */,
				F13BFBB7278442C6004D6C72 /* Snow.sks */,
				F13BFBBE2784CCAF004D6C72 /* Thunderstorm.sks */,
				F13BFBC02784CCBE004D6C72 /* Mist.sks */,
			);
			path = Scenes;
			sourceTree = "<group>";
		};
		F19FE2DC27FFC42F003DF3FF /* Miscellaneous */ = {
			isa = PBXGroup;
			children = (
				F19FE2D927FFB670003DF3FF /* AppErrors.swift */,
				F180EC9A2797DED400D9FDBA /* Time.swift */,
				F180EC9227976EAB00D9FDBA /* Fonts.swift */,
				F180EC962797DB2200D9FDBA /* Colors.swift */,
				F167A53227810EF3000DC845 /* Units.swift */,
			);
			path = Miscellaneous;
			sourceTree = "<group>";
		};
		F19FE2DD27FFC45B003DF3FF /* Animations */ = {
			isa = PBXGroup;
			children = (
				F167A51B27810B33000DC845 /* Rain.swift */,
				F13BFBC22784CDBE004D6C72 /* ShowerRain.swift */,
				F13BFBB52784429E004D6C72 /* Snow.swift */,
				F167A53427810F6B000DC845 /* UIKitAnimations.swift */,
				F13BFBBA2784CC94004D6C72 /* Thunderstorm.swift */,
				F13BFBBC2784CCA2004D6C72 /* Mist.swift */,
			);
			path = Animations;
			sourceTree = "<group>";
		};
/* End PBXGroup section */

/* Begin PBXNativeTarget section */
		F167A51127810B33000DC845 /* is it cold */ = {
			isa = PBXNativeTarget;
			buildConfigurationList = F167A52927810B34000DC845 /* Build configuration list for PBXNativeTarget "is it cold" */;
			buildPhases = (
				F167A50E27810B33000DC845 /* Sources */,
				F167A50F27810B33000DC845 /* Frameworks */,
				F167A51027810B33000DC845 /* Resources */,
			);
			buildRules = (
			);
			dependencies = (
			);
			name = "is it cold";
			productName = "is it cold";
			productReference = F167A51227810B33000DC845 /* is it cold.app */;
			productType = "com.apple.product-type.application";
		};
/* End PBXNativeTarget section */

/* Begin PBXProject section */
		F167A50A27810B33000DC845 /* Project object */ = {
			isa = PBXProject;
			attributes = {
				BuildIndependentTargetsInParallel = 1;
				LastSwiftUpdateCheck = 1320;
				LastUpgradeCheck = 1320;
				TargetAttributes = {
					F167A51127810B33000DC845 = {
						CreatedOnToolsVersion = 13.2.1;
					};
				};
			};
			buildConfigurationList = F167A50D27810B33000DC845 /* Build configuration list for PBXProject "is it cold" */;
			compatibilityVersion = "Xcode 13.0";
			developmentRegion = en;
			hasScannedForEncodings = 0;
			knownRegions = (
				en,
				Base,
			);
			mainGroup = F167A50927810B33000DC845;
			productRefGroup = F167A51327810B33000DC845 /* Products */;
			projectDirPath = "";
			projectRoot = "";
			targets = (
				F167A51127810B33000DC845 /* is it cold */,
			);
		};
/* End PBXProject section */

/* Begin PBXResourcesBuildPhase section */
		F167A51027810B33000DC845 /* Resources */ = {
			isa = PBXResourcesBuildPhase;
			buildActionMask = 2147483647;
			files = (
				F13BFBBF2784CCAF004D6C72 /* Thunderstorm.sks in Resources */,
				F13BFBB8278442C6004D6C72 /* Snow.sks in Resources */,
				F167A52127810B33000DC845 /* Main.storyboard in Resources */,
				F167A51827810B33000DC845 /* Rain.sks in Resources */,
				F13BFBC12784CCBE004D6C72 /* Mist.sks in Resources */,
				F167A52327810B34000DC845 /* Assets.xcassets in Resources */,
				F167A52627810B34000DC845 /* LaunchScreen.storyboard in Resources */,
				F13BFBC52784CDC5004D6C72 /* ShowerRain.sks in Resources */,
				F167A51A27810B33000DC845 /* Actions.sks in Resources */,
			);
			runOnlyForDeploymentPostprocessing = 0;
		};
/* End PBXResourcesBuildPhase section */

/* Begin PBXSourcesBuildPhase section */
		F167A50E27810B33000DC845 /* Sources */ = {
			isa = PBXSourcesBuildPhase;
			buildActionMask = 2147483647;
			files = (
				F13BFBBD2784CCA2004D6C72 /* Mist.swift in Sources */,
				F167A52F27810EEA000DC845 /* URL and Key.swift in Sources */,
				F180EC9327976EAB00D9FDBA /* Fonts.swift in Sources */,
				F180EC972797DB2200D9FDBA /* Colors.swift in Sources */,
				F167A53527810F6B000DC845 /* UIKitAnimations.swift in Sources */,
				F167A51C27810B33000DC845 /* Rain.swift in Sources */,
				F167A51E27810B33000DC845 /* ViewController.swift in Sources */,
				F13BFBC32784CDBE004D6C72 /* ShowerRain.swift in Sources */,
				F19FE2DA27FFB670003DF3FF /* AppErrors.swift in Sources */,
				F13BFBB62784429E004D6C72 /* Snow.swift in Sources */,
				F167A53327810EF3000DC845 /* Units.swift in Sources */,
				F167A53127810EED000DC845 /* Models.swift in Sources */,
				F167A51627810B33000DC845 /* AppDelegate.swift in Sources */,
				F180EC9B2797DED400D9FDBA /* Time.swift in Sources */,
				F13BFBBB2784CC94004D6C72 /* Thunderstorm.swift in Sources */,
				F167A52D27810EDC000DC845 /* Networking.swift in Sources */,
				F19FE2E127FFD8EF003DF3FF /* Container.swift in Sources */,
			);
			runOnlyForDeploymentPostprocessing = 0;
		};
/* End PBXSourcesBuildPhase section */

/* Begin PBXVariantGroup section */
		F167A51F27810B33000DC845 /* Main.storyboard */ = {
			isa = PBXVariantGroup;
			children = (
				F167A52027810B33000DC845 /* Base */,
			);
			name = Main.storyboard;
			sourceTree = "<group>";
		};
		F167A52427810B34000DC845 /* LaunchScreen.storyboard */ = {
			isa = PBXVariantGroup;
			children = (
				F167A52527810B34000DC845 /* Base */,
			);
			name = LaunchScreen.storyboard;
			sourceTree = "<group>";
		};
/* End PBXVariantGroup section */

/* Begin XCBuildConfiguration section */
		F167A52727810B34000DC845 /* Debug */ = {
			isa = XCBuildConfiguration;
			buildSettings = {
				ALWAYS_SEARCH_USER_PATHS = NO;
				CLANG_ANALYZER_NONNULL = YES;
				CLANG_ANALYZER_NUMBER_OBJECT_CONVERSION = YES_AGGRESSIVE;
				CLANG_CXX_LANGUAGE_STANDARD = "gnu++17";
				CLANG_CXX_LIBRARY = "libc++";
				CLANG_ENABLE_MODULES = YES;
				CLANG_ENABLE_OBJC_ARC = YES;
				CLANG_ENABLE_OBJC_WEAK = YES;
				CLANG_WARN_BLOCK_CAPTURE_AUTORELEASING = YES;
				CLANG_WARN_BOOL_CONVERSION = YES;
				CLANG_WARN_COMMA = YES;
				CLANG_WARN_CONSTANT_CONVERSION = YES;
				CLANG_WARN_DEPRECATED_OBJC_IMPLEMENTATIONS = YES;
				CLANG_WARN_DIRECT_OBJC_ISA_USAGE = YES_ERROR;
				CLANG_WARN_DOCUMENTATION_COMMENTS = YES;
				CLANG_WARN_EMPTY_BODY = YES;
				CLANG_WARN_ENUM_CONVERSION = YES;
				CLANG_WARN_INFINITE_RECURSION = YES;
				CLANG_WARN_INT_CONVERSION = YES;
				CLANG_WARN_NON_LITERAL_NULL_CONVERSION = YES;
				CLANG_WARN_OBJC_IMPLICIT_RETAIN_SELF = YES;
				CLANG_WARN_OBJC_LITERAL_CONVERSION = YES;
				CLANG_WARN_OBJC_ROOT_CLASS = YES_ERROR;
				CLANG_WARN_QUOTED_INCLUDE_IN_FRAMEWORK_HEADER = YES;
				CLANG_WARN_RANGE_LOOP_ANALYSIS = YES;
				CLANG_WARN_STRICT_PROTOTYPES = YES;
				CLANG_WARN_SUSPICIOUS_MOVE = YES;
				CLANG_WARN_UNGUARDED_AVAILABILITY = YES_AGGRESSIVE;
				CLANG_WARN_UNREACHABLE_CODE = YES;
				CLANG_WARN__DUPLICATE_METHOD_MATCH = YES;
				COPY_PHASE_STRIP = NO;
				DEBUG_INFORMATION_FORMAT = dwarf;
				ENABLE_STRICT_OBJC_MSGSEND = YES;
				ENABLE_TESTABILITY = YES;
				GCC_C_LANGUAGE_STANDARD = gnu11;
				GCC_DYNAMIC_NO_PIC = NO;
				GCC_NO_COMMON_BLOCKS = YES;
				GCC_OPTIMIZATION_LEVEL = 0;
				GCC_PREPROCESSOR_DEFINITIONS = (
					"DEBUG=1",
					"$(inherited)",
				);
				GCC_WARN_64_TO_32_BIT_CONVERSION = YES;
				GCC_WARN_ABOUT_RETURN_TYPE = YES_ERROR;
				GCC_WARN_UNDECLARED_SELECTOR = YES;
				GCC_WARN_UNINITIALIZED_AUTOS = YES_AGGRESSIVE;
				GCC_WARN_UNUSED_FUNCTION = YES;
				GCC_WARN_UNUSED_VARIABLE = YES;
				IPHONEOS_DEPLOYMENT_TARGET = 15.2;
				MTL_ENABLE_DEBUG_INFO = INCLUDE_SOURCE;
				MTL_FAST_MATH = YES;
				ONLY_ACTIVE_ARCH = YES;
				SDKROOT = iphoneos;
				SWIFT_ACTIVE_COMPILATION_CONDITIONS = DEBUG;
				SWIFT_OPTIMIZATION_LEVEL = "-Onone";
			};
			name = Debug;
		};
		F167A52827810B34000DC845 /* Release */ = {
			isa = XCBuildConfiguration;
			buildSettings = {
				ALWAYS_SEARCH_USER_PATHS = NO;
				CLANG_ANALYZER_NONNULL = YES;
				CLANG_ANALYZER_NUMBER_OBJECT_CONVERSION = YES_AGGRESSIVE;
				CLANG_CXX_LANGUAGE_STANDARD = "gnu++17";
				CLANG_CXX_LIBRARY = "libc++";
				CLANG_ENABLE_MODULES = YES;
				CLANG_ENABLE_OBJC_ARC = YES;
				CLANG_ENABLE_OBJC_WEAK = YES;
				CLANG_WARN_BLOCK_CAPTURE_AUTORELEASING = YES;
				CLANG_WARN_BOOL_CONVERSION = YES;
				CLANG_WARN_COMMA = YES;
				CLANG_WARN_CONSTANT_CONVERSION = YES;
				CLANG_WARN_DEPRECATED_OBJC_IMPLEMENTATIONS = YES;
				CLANG_WARN_DIRECT_OBJC_ISA_USAGE = YES_ERROR;
				CLANG_WARN_DOCUMENTATION_COMMENTS = YES;
				CLANG_WARN_EMPTY_BODY = YES;
				CLANG_WARN_ENUM_CONVERSION = YES;
				CLANG_WARN_INFINITE_RECURSION = YES;
				CLANG_WARN_INT_CONVERSION = YES;
				CLANG_WARN_NON_LITERAL_NULL_CONVERSION = YES;
				CLANG_WARN_OBJC_IMPLICIT_RETAIN_SELF = YES;
				CLANG_WARN_OBJC_LITERAL_CONVERSION = YES;
				CLANG_WARN_OBJC_ROOT_CLASS = YES_ERROR;
				CLANG_WARN_QUOTED_INCLUDE_IN_FRAMEWORK_HEADER = YES;
				CLANG_WARN_RANGE_LOOP_ANALYSIS = YES;
				CLANG_WARN_STRICT_PROTOTYPES = YES;
				CLANG_WARN_SUSPICIOUS_MOVE = YES;
				CLANG_WARN_UNGUARDED_AVAILABILITY = YES_AGGRESSIVE;
				CLANG_WARN_UNREACHABLE_CODE = YES;
				CLANG_WARN__DUPLICATE_METHOD_MATCH = YES;
				COPY_PHASE_STRIP = NO;
				DEBUG_INFORMATION_FORMAT = "dwarf-with-dsym";
				ENABLE_NS_ASSERTIONS = NO;
				ENABLE_STRICT_OBJC_MSGSEND = YES;
				GCC_C_LANGUAGE_STANDARD = gnu11;
				GCC_NO_COMMON_BLOCKS = YES;
				GCC_WARN_64_TO_32_BIT_CONVERSION = YES;
				GCC_WARN_ABOUT_RETURN_TYPE = YES_ERROR;
				GCC_WARN_UNDECLARED_SELECTOR = YES;
				GCC_WARN_UNINITIALIZED_AUTOS = YES_AGGRESSIVE;
				GCC_WARN_UNUSED_FUNCTION = YES;
				GCC_WARN_UNUSED_VARIABLE = YES;
				IPHONEOS_DEPLOYMENT_TARGET = 15.2;
				MTL_ENABLE_DEBUG_INFO = NO;
				MTL_FAST_MATH = YES;
				SDKROOT = iphoneos;
				SWIFT_COMPILATION_MODE = wholemodule;
				SWIFT_OPTIMIZATION_LEVEL = "-O";
				VALIDATE_PRODUCT = YES;
			};
			name = Release;
		};
		F167A52A27810B34000DC845 /* Debug */ = {
			isa = XCBuildConfiguration;
			buildSettings = {
				ASSETCATALOG_COMPILER_APPICON_NAME = AppIcon;
				ASSETCATALOG_COMPILER_GLOBAL_ACCENT_COLOR_NAME = AccentColor;
				CODE_SIGN_STYLE = Automatic;
				CURRENT_PROJECT_VERSION = 1;
				DEVELOPMENT_TEAM = BPK4BTV343;
				GENERATE_INFOPLIST_FILE = YES;
				INFOPLIST_FILE = "is-it-cold-Info.plist";
				INFOPLIST_KEY_NSLocationAlwaysUsageDescription = "Because I always want to know where you are";
				INFOPLIST_KEY_NSLocationWhenInUseUsageDescription = "Because I need to know where you are";
				INFOPLIST_KEY_UIApplicationSupportsIndirectInputEvents = YES;
				INFOPLIST_KEY_UILaunchStoryboardName = LaunchScreen;
				INFOPLIST_KEY_UIMainStoryboardFile = Main;
				INFOPLIST_KEY_UIStatusBarHidden = YES;
				INFOPLIST_KEY_UISupportedInterfaceOrientations_iPad = "UIInterfaceOrientationPortrait UIInterfaceOrientationPortraitUpsideDown UIInterfaceOrientationLandscapeLeft UIInterfaceOrientationLandscapeRight";
				INFOPLIST_KEY_UISupportedInterfaceOrientations_iPhone = "UIInterfaceOrientationPortrait UIInterfaceOrientationLandscapeLeft UIInterfaceOrientationLandscapeRight";
				LD_RUNPATH_SEARCH_PATHS = (
					"$(inherited)",
					"@executable_path/Frameworks",
				);
				MARKETING_VERSION = 1.0;
				PRODUCT_BUNDLE_IDENTIFIER = "liew.brian.is-it-cold";
				PRODUCT_NAME = "$(TARGET_NAME)";
				SWIFT_EMIT_LOC_STRINGS = YES;
				SWIFT_VERSION = 5.0;
				TARGETED_DEVICE_FAMILY = 1;
			};
			name = Debug;
		};
		F167A52B27810B34000DC845 /* Release */ = {
			isa = XCBuildConfiguration;
			buildSettings = {
				ASSETCATALOG_COMPILER_APPICON_NAME = AppIcon;
				ASSETCATALOG_COMPILER_GLOBAL_ACCENT_COLOR_NAME = AccentColor;
				CODE_SIGN_STYLE = Automatic;
				CURRENT_PROJECT_VERSION = 1;
				DEVELOPMENT_TEAM = BPK4BTV343;
				GENERATE_INFOPLIST_FILE = YES;
				INFOPLIST_FILE = "is-it-cold-Info.plist";
				INFOPLIST_KEY_NSLocationAlwaysUsageDescription = "Because I always want to know where you are";
				INFOPLIST_KEY_NSLocationWhenInUseUsageDescription = "Because I need to know where you are";
				INFOPLIST_KEY_UIApplicationSupportsIndirectInputEvents = YES;
				INFOPLIST_KEY_UILaunchStoryboardName = LaunchScreen;
				INFOPLIST_KEY_UIMainStoryboardFile = Main;
				INFOPLIST_KEY_UIStatusBarHidden = YES;
				INFOPLIST_KEY_UISupportedInterfaceOrientations_iPad = "UIInterfaceOrientationPortrait UIInterfaceOrientationPortraitUpsideDown UIInterfaceOrientationLandscapeLeft UIInterfaceOrientationLandscapeRight";
				INFOPLIST_KEY_UISupportedInterfaceOrientations_iPhone = "UIInterfaceOrientationPortrait UIInterfaceOrientationLandscapeLeft UIInterfaceOrientationLandscapeRight";
				LD_RUNPATH_SEARCH_PATHS = (
					"$(inherited)",
					"@executable_path/Frameworks",
				);
				MARKETING_VERSION = 1.0;
				PRODUCT_BUNDLE_IDENTIFIER = "liew.brian.is-it-cold";
				PRODUCT_NAME = "$(TARGET_NAME)";
				SWIFT_EMIT_LOC_STRINGS = YES;
				SWIFT_VERSION = 5.0;
				TARGETED_DEVICE_FAMILY = 1;
			};
			name = Release;
		};
/* End XCBuildConfiguration section */

/* Begin XCConfigurationList section */
		F167A50D27810B33000DC845 /* Build configuration list for PBXProject "is it cold" */ = {
			isa = XCConfigurationList;
			buildConfigurations = (
				F167A52727810B34000DC845 /* Debug */,
				F167A52827810B34000DC845 /* Release */,
			);
			defaultConfigurationIsVisible = 0;
			defaultConfigurationName = Release;
		};
		F167A52927810B34000DC845 /* Build configuration list for PBXNativeTarget "is it cold" */ = {
			isa = XCConfigurationList;
			buildConfigurations = (
				F167A52A27810B34000DC845 /* Debug */,
				F167A52B27810B34000DC845 /* Release */,
			);
			defaultConfigurationIsVisible = 0;
			defaultConfigurationName = Release;
		};
/* End XCConfigurationList section */
	};
	rootObject = F167A50A27810B33000DC845 /* Project object */;
}
